
Microsoft Visual Studio Solution File, Format Version 12.00
# Visual Studio Version 16
VisualStudioVersion = 16.0.28721.148
MinimumVisualStudioVersion = 10.0.40219.1
Project("{FAE04EC0-301F-11D3-BF4B-00C04F79EFBC}") = "ExtendedStructures", "ExtendedStructures\ExtendedStructures.csproj", "{C05E10F4-269A-4CDC-A060-30DF7E6122AD}"
EndProject
Project("{FAE04EC0-301F-11D3-BF4B-00C04F79EFBC}") = "ExtendedStructures.Tests", "ExtendedStructures.Tests\ExtendedStructures.Tests.csproj", "{3A454086-BDA8-4C72-8C54-383A138D661B}"
EndProject
Global
	GlobalSection(SolutionConfigurationPlatforms) = preSolution
		Debug|Any CPU = Debug|Any CPU
		Release|Any CPU = Release|Any CPU
	EndGlobalSection
	GlobalSection(ProjectConfigurationPlatforms) = postSolution
		{C05E10F4-269A-4CDC-A060-30DF7E6122AD}.Debug|Any CPU.ActiveCfg = Debug|Any CPU
		{C05E10F4-269A-4CDC-A060-30DF7E6122AD}.Debug|Any CPU.Build.0 = Debug|Any CPU
		{C05E10F4-269A-4CDC-A060-30DF7E6122AD}.Release|Any CPU.ActiveCfg = Release|Any CPU
		{C05E10F4-269A-4CDC-A060-30DF7E6122AD}.Release|Any CPU.Build.0 = Release|Any CPU
		{3A454086-BDA8-4C72-8C54-383A138D661B}.Debug|Any CPU.ActiveCfg = Debug|Any CPU
		{3A454086-BDA8-4C72-8C54-383A138D661B}.Debug|Any CPU.Build.0 = Debug|Any CPU
		{3A454086-BDA8-4C72-8C54-383A138D661B}.Release|Any CPU.ActiveCfg = Release|Any CPU
		{3A454086-BDA8-4C72-8C54-383A138D661B}.Release|Any CPU.Build.0 = Release|Any CPU
	EndGlobalSection
	GlobalSection(SolutionProperties) = preSolution
		HideSolutionNode = FALSE
	EndGlobalSection
	GlobalSection(ExtensibilityGlobals) = postSolution
		SolutionGuid = {4C5BCDF7-7A75-480A-A7C4-F086F1503EB7}
	EndGlobalSection
EndGlobal
